PODS:
  - YHOCMonkey/Paws (0.1.0)
  - YHOCMonkey/Test (0.1.0)

DEPENDENCIES:
  - YHOCMonkey/Paws (from `../`)
  - YHOCMonkey/Test (from `../`)

EXTERNAL SOURCES:
  YHOCMonkey:
    :path: "../"

SPEC CHECKSUMS:
  YHOCMonkey: afe2430d7b20967865d0911b4a70aeb5c759a81e

PODFILE CHECKSUM: 0048a8f86a59d19972891c182659bbad6f1492f0

COCOAPODS: 1.5.3
